
Microsoft Visual Studio Solution File, Format Version 12.00
# Visual Studio Version 16
VisualStudioVersion = 16.0.808.3
MinimumVisualStudioVersion = 10.0.40219.1
Project("{FAE04EC0-301F-11D3-BF4B-00C04F79EFBC}") = "Network", "Network\Network.csproj", "{F995B18B-C758-4FE7-A522-8DB847987D58}"
EndProject
Project("{FAE04EC0-301F-11D3-BF4B-00C04F79EFBC}") = "PokerSynchronisation", "PokerSync\PokerSynchronisation.csproj", "{A4284788-6BC0-4119-9A56-9F4A6974775B}"
EndProject
Global
	GlobalSection(SolutionConfigurationPlatforms) = preSolution
		Debug|Any CPU = Debug|Any CPU
		Release|Any CPU = Release|Any CPU
	EndGlobalSection
	GlobalSection(ProjectConfigurationPlatforms) = postSolution
		{F995B18B-C758-4FE7-A522-8DB847987D58}.Debug|Any CPU.ActiveCfg = Debug|Any CPU
		{F995B18B-C758-4FE7-A522-8DB847987D58}.Debug|Any CPU.Build.0 = Debug|Any CPU
		{F995B18B-C758-4FE7-A522-8DB847987D58}.Release|Any CPU.ActiveCfg = Release|Any CPU
		{F995B18B-C758-4FE7-A522-8DB847987D58}.Release|Any CPU.Build.0 = Release|Any CPU
		{A4284788-6BC0-4119-9A56-9F4A6974775B}.Debug|Any CPU.ActiveCfg = Debug|Any CPU
		{A4284788-6BC0-4119-9A56-9F4A6974775B}.Debug|Any CPU.Build.0 = Debug|Any CPU
		{A4284788-6BC0-4119-9A56-9F4A6974775B}.Release|Any CPU.ActiveCfg = Release|Any CPU
		{A4284788-6BC0-4119-9A56-9F4A6974775B}.Release|Any CPU.Build.0 = Release|Any CPU
	EndGlobalSection
	GlobalSection(SolutionProperties) = preSolution
		HideSolutionNode = FALSE
	EndGlobalSection
	GlobalSection(ExtensibilityGlobals) = postSolution
		SolutionGuid = {198E12F4-1F8F-4B20-8517-0B4411F1F815}
	EndGlobalSection
EndGlobal
